
Microsoft Visual Studio Solution File, Format Version 12.00
# Visual Studio 15
VisualStudioVersion = 15.0.27130.2003
MinimumVisualStudioVersion = 10.0.40219.1
Project("{9A19103F-16F7-4668-BE54-9A1E7A4F7556}") = "CreatingConstructors", "CreatingConstructors\CreatingConstructors.csproj", "{6CB89815-DEE0-44ED-873F-086D700A4CD8}"
EndProject
Project("{9A19103F-16F7-4668-BE54-9A1E7A4F7556}") = "OldestFamilyMember", "OldestFamilyMember\OldestFamilyMember.csproj", "{F638353D-EEB1-4C73-B773-8C8B9F932FCD}"
EndProject
Project("{9A19103F-16F7-4668-BE54-9A1E7A4F7556}") = "OpinionPoll", "OpinionPoll\OpinionPoll.csproj", "{580F557A-C678-4CA9-A398-DAB016C8A743}"
EndProject
Project("{9A19103F-16F7-4668-BE54-9A1E7A4F7556}") = "DateModifier", "DateModifier\DateModifier.csproj", "{BF7BC106-ADC6-4674-BBA7-A5BB57E93954}"
EndProject
Project("{9A19103F-16F7-4668-BE54-9A1E7A4F7556}") = "CompanyRoster", "CompanyRoster\CompanyRoster.csproj", "{9804190A-704C-4491-8E27-FBD1AED41B28}"
EndProject
Project("{9A19103F-16F7-4668-BE54-9A1E7A4F7556}") = "SpeedRacing", "SpeedRacing\SpeedRacing.csproj", "{BE6CFB56-ADB5-4C5B-81BA-D57A61F4BD2D}"
EndProject
Project("{9A19103F-16F7-4668-BE54-9A1E7A4F7556}") = "RawData", "RawData\RawData.csproj", "{47B4565C-7ED4-45C6-8E8F-8EB17D48C9D6}"
EndProject
Project("{9A19103F-16F7-4668-BE54-9A1E7A4F7556}") = "CarSalesman", "CarSalesman\CarSalesman.csproj", "{69672EF6-9A9A-4D87-A448-A1B578335515}"
EndProject
Project("{9A19103F-16F7-4668-BE54-9A1E7A4F7556}") = "Google", "Google\Google.csproj", "{6D00D076-683F-45C4-A47C-80BE4D16AA38}"
EndProject
Project("{9A19103F-16F7-4668-BE54-9A1E7A4F7556}") = "FamilyTree", "FamilyTree\FamilyTree.csproj", "{1CFDD7EE-CA05-4547-AA84-090AE6CBD6AA}"
EndProject
Project("{9A19103F-16F7-4668-BE54-9A1E7A4F7556}") = "RectangleIntersection", "RectangleIntersection\RectangleIntersection.csproj", "{770DAE85-71F8-418B-8563-077F40809CE6}"
EndProject
Project("{9A19103F-16F7-4668-BE54-9A1E7A4F7556}") = "PokemonTrainer", "PokemonTrainer\PokemonTrainer.csproj", "{195178F1-EEDB-4ED8-A98A-AEB6B5570A0A}"
EndProject
Project("{FAE04EC0-301F-11D3-BF4B-00C04F79EFBC}") = "DefineAClassPerson", "DefineAClassPerson\DefineAClassPerson.csproj", "{7872CE60-81A7-4639-A22B-F856933A1962}"
EndProject
Global
	GlobalSection(SolutionConfigurationPlatforms) = preSolution
		Debug|Any CPU = Debug|Any CPU
		Release|Any CPU = Release|Any CPU
	EndGlobalSection
	GlobalSection(ProjectConfigurationPlatforms) = postSolution
		{6CB89815-DEE0-44ED-873F-086D700A4CD8}.Debug|Any CPU.ActiveCfg = Debug|Any CPU
		{6CB89815-DEE0-44ED-873F-086D700A4CD8}.Debug|Any CPU.Build.0 = Debug|Any CPU
		{6CB89815-DEE0-44ED-873F-086D700A4CD8}.Release|Any CPU.ActiveCfg = Release|Any CPU
		{6CB89815-DEE0-44ED-873F-086D700A4CD8}.Release|Any CPU.Build.0 = Release|Any CPU
		{F638353D-EEB1-4C73-B773-8C8B9F932FCD}.Debug|Any CPU.ActiveCfg = Debug|Any CPU
		{F638353D-EEB1-4C73-B773-8C8B9F932FCD}.Debug|Any CPU.Build.0 = Debug|Any CPU
		{F638353D-EEB1-4C73-B773-8C8B9F932FCD}.Release|Any CPU.ActiveCfg = Release|Any CPU
		{F638353D-EEB1-4C73-B773-8C8B9F932FCD}.Release|Any CPU.Build.0 = Release|Any CPU
		{580F557A-C678-4CA9-A398-DAB016C8A743}.Debug|Any CPU.ActiveCfg = Debug|Any CPU
		{580F557A-C678-4CA9-A398-DAB016C8A743}.Debug|Any CPU.Build.0 = Debug|Any CPU
		{580F557A-C678-4CA9-A398-DAB016C8A743}.Release|Any CPU.ActiveCfg = Release|Any CPU
		{580F557A-C678-4CA9-A398-DAB016C8A743}.Release|Any CPU.Build.0 = Release|Any CPU
		{BF7BC106-ADC6-4674-BBA7-A5BB57E93954}.Debug|Any CPU.ActiveCfg = Debug|Any CPU
		{BF7BC106-ADC6-4674-BBA7-A5BB57E93954}.Debug|Any CPU.Build.0 = Debug|Any CPU
		{BF7BC106-ADC6-4674-BBA7-A5BB57E93954}.Release|Any CPU.ActiveCfg = Release|Any CPU
		{BF7BC106-ADC6-4674-BBA7-A5BB57E93954}.Release|Any CPU.Build.0 = Release|Any CPU
		{9804190A-704C-4491-8E27-FBD1AED41B28}.Debug|Any CPU.ActiveCfg = Debug|Any CPU
		{9804190A-704C-4491-8E27-FBD1AED41B28}.Debug|Any CPU.Build.0 = Debug|Any CPU
		{9804190A-704C-4491-8E27-FBD1AED41B28}.Release|Any CPU.ActiveCfg = Release|Any CPU
		{9804190A-704C-4491-8E27-FBD1AED41B28}.Release|Any CPU.Build.0 = Release|Any CPU
		{BE6CFB56-ADB5-4C5B-81BA-D57A61F4BD2D}.Debug|Any CPU.ActiveCfg = Debug|Any CPU
		{BE6CFB56-ADB5-4C5B-81BA-D57A61F4BD2D}.Debug|Any CPU.Build.0 = Debug|Any CPU
		{BE6CFB56-ADB5-4C5B-81BA-D57A61F4BD2D}.Release|Any CPU.ActiveCfg = Release|Any CPU
		{BE6CFB56-ADB5-4C5B-81BA-D57A61F4BD2D}.Release|Any CPU.Build.0 = Release|Any CPU
		{47B4565C-7ED4-45C6-8E8F-8EB17D48C9D6}.Debug|Any CPU.ActiveCfg = Debug|Any CPU
		{47B4565C-7ED4-45C6-8E8F-8EB17D48C9D6}.Debug|Any CPU.Build.0 = Debug|Any CPU
		{47B4565C-7ED4-45C6-8E8F-8EB17D48C9D6}.Release|Any CPU.ActiveCfg = Release|Any CPU
		{47B4565C-7ED4-45C6-8E8F-8EB17D48C9D6}.Release|Any CPU.Build.0 = Release|Any CPU
		{69672EF6-9A9A-4D87-A448-A1B578335515}.Debug|Any CPU.ActiveCfg = Debug|Any CPU
		{69672EF6-9A9A-4D87-A448-A1B578335515}.Debug|Any CPU.Build.0 = Debug|Any CPU
		{69672EF6-9A9A-4D87-A448-A1B578335515}.Release|Any CPU.ActiveCfg = Release|Any CPU
		{69672EF6-9A9A-4D87-A448-A1B578335515}.Release|Any CPU.Build.0 = Release|Any CPU
		{6D00D076-683F-45C4-A47C-80BE4D16AA38}.Debug|Any CPU.ActiveCfg = Debug|Any CPU
		{6D00D076-683F-45C4-A47C-80BE4D16AA38}.Debug|Any CPU.Build.0 = Debug|Any CPU
		{6D00D076-683F-45C4-A47C-80BE4D16AA38}.Release|Any CPU.ActiveCfg = Release|Any CPU
		{6D00D076-683F-45C4-A47C-80BE4D16AA38}.Release|Any CPU.Build.0 = Release|Any CPU
		{1CFDD7EE-CA05-4547-AA84-090AE6CBD6AA}.Debug|Any CPU.ActiveCfg = Debug|Any CPU
		{1CFDD7EE-CA05-4547-AA84-090AE6CBD6AA}.Debug|Any CPU.Build.0 = Debug|Any CPU
		{1CFDD7EE-CA05-4547-AA84-090AE6CBD6AA}.Release|Any CPU.ActiveCfg = Release|Any CPU
		{1CFDD7EE-CA05-4547-AA84-090AE6CBD6AA}.Release|Any CPU.Build.0 = Release|Any CPU
		{770DAE85-71F8-418B-8563-077F40809CE6}.Debug|Any CPU.ActiveCfg = Debug|Any CPU
		{770DAE85-71F8-418B-8563-077F40809CE6}.Debug|Any CPU.Build.0 = Debug|Any CPU
		{770DAE85-71F8-418B-8563-077F40809CE6}.Release|Any CPU.ActiveCfg = Release|Any CPU
		{770DAE85-71F8-418B-8563-077F40809CE6}.Release|Any CPU.Build.0 = Release|Any CPU
		{195178F1-EEDB-4ED8-A98A-AEB6B5570A0A}.Debug|Any CPU.ActiveCfg = Debug|Any CPU
		{195178F1-EEDB-4ED8-A98A-AEB6B5570A0A}.Debug|Any CPU.Build.0 = Debug|Any CPU
		{195178F1-EEDB-4ED8-A98A-AEB6B5570A0A}.Release|Any CPU.ActiveCfg = Release|Any CPU
		{195178F1-EEDB-4ED8-A98A-AEB6B5570A0A}.Release|Any CPU.Build.0 = Release|Any CPU
		{7872CE60-81A7-4639-A22B-F856933A1962}.Debug|Any CPU.ActiveCfg = Debug|Any CPU
		{7872CE60-81A7-4639-A22B-F856933A1962}.Debug|Any CPU.Build.0 = Debug|Any CPU
		{7872CE60-81A7-4639-A22B-F856933A1962}.Release|Any CPU.ActiveCfg = Release|Any CPU
		{7872CE60-81A7-4639-A22B-F856933A1962}.Release|Any CPU.Build.0 = Release|Any CPU
	EndGlobalSection
	GlobalSection(SolutionProperties) = preSolution
		HideSolutionNode = FALSE
	EndGlobalSection
	GlobalSection(ExtensibilityGlobals) = postSolution
		SolutionGuid = {3D603462-1778-4676-A7FF-7B9122AA0E9D}
	EndGlobalSection
EndGlobal
