
Microsoft Visual Studio Solution File, Format Version 12.00
# Visual Studio 15
VisualStudioVersion = 15.0.27130.2027
MinimumVisualStudioVersion = 10.0.40219.1
Project("{FAE04EC0-301F-11D3-BF4B-00C04F79EFBC}") = "01. Max Sequence of Equal Elements", "01. Max Sequence of Equal Elements\01. Max Sequence of Equal Elements.csproj", "{9612E4F4-94D7-4C09-9ED8-8FBE2348DB81}"
EndProject
Project("{FAE04EC0-301F-11D3-BF4B-00C04F79EFBC}") = "02. Change List", "02. Change List\02. Change List.csproj", "{786BC807-21F6-495D-9F6F-DDA1B72A06AA}"
EndProject
Project("{FAE04EC0-301F-11D3-BF4B-00C04F79EFBC}") = "03. Search for a Number", "03. Search for a Number\03. Search for a Number.csproj", "{2925E3D9-443E-4EF5-9341-CFBE38B257FF}"
EndProject
Project("{FAE04EC0-301F-11D3-BF4B-00C04F79EFBC}") = "04. Longest Increasing Subsequence", "04. Longest Increasing Subsequence\04. Longest Increasing Subsequence.csproj", "{CC3854A3-9E5C-4B2C-B1A9-57C425D0AF3A}"
EndProject
Project("{FAE04EC0-301F-11D3-BF4B-00C04F79EFBC}") = "05. Array Manipulator", "05. Array Manipulator\05. Array Manipulator.csproj", "{58911433-28C7-4E32-BF68-17B9E86B3FB8}"
EndProject
Project("{FAE04EC0-301F-11D3-BF4B-00C04F79EFBC}") = "06. Sum Reversed Numbers", "06. Sum Reversed Numbers\06. Sum Reversed Numbers.csproj", "{87F3DF19-6174-49B8-9810-2FB4044FE2D2}"
EndProject
Project("{FAE04EC0-301F-11D3-BF4B-00C04F79EFBC}") = "07. Bomb Numbers", "07. Bomb Numbers\07. Bomb Numbers.csproj", "{AF66B304-1574-47E3-B81D-6CCC0BBBC246}"
EndProject
Global
	GlobalSection(SolutionConfigurationPlatforms) = preSolution
		Debug|Any CPU = Debug|Any CPU
		Release|Any CPU = Release|Any CPU
	EndGlobalSection
	GlobalSection(ProjectConfigurationPlatforms) = postSolution
		{9612E4F4-94D7-4C09-9ED8-8FBE2348DB81}.Debug|Any CPU.ActiveCfg = Debug|Any CPU
		{9612E4F4-94D7-4C09-9ED8-8FBE2348DB81}.Debug|Any CPU.Build.0 = Debug|Any CPU
		{9612E4F4-94D7-4C09-9ED8-8FBE2348DB81}.Release|Any CPU.ActiveCfg = Release|Any CPU
		{9612E4F4-94D7-4C09-9ED8-8FBE2348DB81}.Release|Any CPU.Build.0 = Release|Any CPU
		{786BC807-21F6-495D-9F6F-DDA1B72A06AA}.Debug|Any CPU.ActiveCfg = Debug|Any CPU
		{786BC807-21F6-495D-9F6F-DDA1B72A06AA}.Debug|Any CPU.Build.0 = Debug|Any CPU
		{786BC807-21F6-495D-9F6F-DDA1B72A06AA}.Release|Any CPU.ActiveCfg = Release|Any CPU
		{786BC807-21F6-495D-9F6F-DDA1B72A06AA}.Release|Any CPU.Build.0 = Release|Any CPU
		{2925E3D9-443E-4EF5-9341-CFBE38B257FF}.Debug|Any CPU.ActiveCfg = Debug|Any CPU
		{2925E3D9-443E-4EF5-9341-CFBE38B257FF}.Debug|Any CPU.Build.0 = Debug|Any CPU
		{2925E3D9-443E-4EF5-9341-CFBE38B257FF}.Release|Any CPU.ActiveCfg = Release|Any CPU
		{2925E3D9-443E-4EF5-9341-CFBE38B257FF}.Release|Any CPU.Build.0 = Release|Any CPU
		{CC3854A3-9E5C-4B2C-B1A9-57C425D0AF3A}.Debug|Any CPU.ActiveCfg = Debug|Any CPU
		{CC3854A3-9E5C-4B2C-B1A9-57C425D0AF3A}.Debug|Any CPU.Build.0 = Debug|Any CPU
		{CC3854A3-9E5C-4B2C-B1A9-57C425D0AF3A}.Release|Any CPU.ActiveCfg = Release|Any CPU
		{CC3854A3-9E5C-4B2C-B1A9-57C425D0AF3A}.Release|Any CPU.Build.0 = Release|Any CPU
		{58911433-28C7-4E32-BF68-17B9E86B3FB8}.Debug|Any CPU.ActiveCfg = Debug|Any CPU
		{58911433-28C7-4E32-BF68-17B9E86B3FB8}.Debug|Any CPU.Build.0 = Debug|Any CPU
		{58911433-28C7-4E32-BF68-17B9E86B3FB8}.Release|Any CPU.ActiveCfg = Release|Any CPU
		{58911433-28C7-4E32-BF68-17B9E86B3FB8}.Release|Any CPU.Build.0 = Release|Any CPU
		{87F3DF19-6174-49B8-9810-2FB4044FE2D2}.Debug|Any CPU.ActiveCfg = Debug|Any CPU
		{87F3DF19-6174-49B8-9810-2FB4044FE2D2}.Debug|Any CPU.Build.0 = Debug|Any CPU
		{87F3DF19-6174-49B8-9810-2FB4044FE2D2}.Release|Any CPU.ActiveCfg = Release|Any CPU
		{87F3DF19-6174-49B8-9810-2FB4044FE2D2}.Release|Any CPU.Build.0 = Release|Any CPU
		{AF66B304-1574-47E3-B81D-6CCC0BBBC246}.Debug|Any CPU.ActiveCfg = Debug|Any CPU
		{AF66B304-1574-47E3-B81D-6CCC0BBBC246}.Debug|Any CPU.Build.0 = Debug|Any CPU
		{AF66B304-1574-47E3-B81D-6CCC0BBBC246}.Release|Any CPU.ActiveCfg = Release|Any CPU
		{AF66B304-1574-47E3-B81D-6CCC0BBBC246}.Release|Any CPU.Build.0 = Release|Any CPU
	EndGlobalSection
	GlobalSection(SolutionProperties) = preSolution
		HideSolutionNode = FALSE
	EndGlobalSection
	GlobalSection(ExtensibilityGlobals) = postSolution
		SolutionGuid = {B1279662-2134-41FC-9654-C1FAC2A29E7E}
	EndGlobalSection
EndGlobal
