
Microsoft Visual Studio Solution File, Format Version 12.00
# Visual Studio 15
VisualStudioVersion = 15.0.28307.106
MinimumVisualStudioVersion = 10.0.40219.1
Project("{FAE04EC0-301F-11D3-BF4B-00C04F79EFBC}") = "Logger", "Logger\Logger.csproj", "{9D5C4AB2-0DA3-4082-9606-9A0324CE0EB3}"
EndProject
Global
	GlobalSection(SolutionConfigurationPlatforms) = preSolution
		Debug|Any CPU = Debug|Any CPU
		Release|Any CPU = Release|Any CPU
	EndGlobalSection
	GlobalSection(ProjectConfigurationPlatforms) = postSolution
		{9D5C4AB2-0DA3-4082-9606-9A0324CE0EB3}.Debug|Any CPU.ActiveCfg = Debug|Any CPU
		{9D5C4AB2-0DA3-4082-9606-9A0324CE0EB3}.Debug|Any CPU.Build.0 = Debug|Any CPU
		{9D5C4AB2-0DA3-4082-9606-9A0324CE0EB3}.Release|Any CPU.ActiveCfg = Release|Any CPU
		{9D5C4AB2-0DA3-4082-9606-9A0324CE0EB3}.Release|Any CPU.Build.0 = Release|Any CPU
	EndGlobalSection
	GlobalSection(SolutionProperties) = preSolution
		HideSolutionNode = FALSE
	EndGlobalSection
	GlobalSection(ExtensibilityGlobals) = postSolution
		SolutionGuid = {37FCD07F-D437-4546-8743-316D46A76183}
	EndGlobalSection
EndGlobal
