
Microsoft Visual Studio Solution File, Format Version 12.00
# Visual Studio 15
VisualStudioVersion = 15.0.26730.16
MinimumVisualStudioVersion = 10.0.40219.1
Project("{FAE04EC0-301F-11D3-BF4B-00C04F79EFBC}") = "01", "01\01.csproj", "{45AC467F-EEE2-4D29-BC9D-F1504E79F647}"
EndProject
Project("{FAE04EC0-301F-11D3-BF4B-00C04F79EFBC}") = "02", "02\02.csproj", "{CD1A56D5-9747-49D4-96E6-F3459E42850A}"
EndProject
Project("{FAE04EC0-301F-11D3-BF4B-00C04F79EFBC}") = "03", "03\03.csproj", "{CFC96559-56C9-43B0-91EE-F12106B4D5BE}"
EndProject
Project("{FAE04EC0-301F-11D3-BF4B-00C04F79EFBC}") = "04", "04\04.csproj", "{63E5DD37-98CD-47DB-BDED-9A529FCE7ADD}"
EndProject
Project("{FAE04EC0-301F-11D3-BF4B-00C04F79EFBC}") = "05", "05\05.csproj", "{82EE1771-BEF9-44C3-BDC7-3D625DBD6E39}"
EndProject
Project("{FAE04EC0-301F-11D3-BF4B-00C04F79EFBC}") = "06", "06\06.csproj", "{B96A9934-6E08-40F8-8FD9-D23E4B5C4BC2}"
EndProject
Global
	GlobalSection(SolutionConfigurationPlatforms) = preSolution
		Debug|Any CPU = Debug|Any CPU
		Release|Any CPU = Release|Any CPU
	EndGlobalSection
	GlobalSection(ProjectConfigurationPlatforms) = postSolution
		{45AC467F-EEE2-4D29-BC9D-F1504E79F647}.Debug|Any CPU.ActiveCfg = Debug|Any CPU
		{45AC467F-EEE2-4D29-BC9D-F1504E79F647}.Debug|Any CPU.Build.0 = Debug|Any CPU
		{45AC467F-EEE2-4D29-BC9D-F1504E79F647}.Release|Any CPU.ActiveCfg = Release|Any CPU
		{45AC467F-EEE2-4D29-BC9D-F1504E79F647}.Release|Any CPU.Build.0 = Release|Any CPU
		{CD1A56D5-9747-49D4-96E6-F3459E42850A}.Debug|Any CPU.ActiveCfg = Debug|Any CPU
		{CD1A56D5-9747-49D4-96E6-F3459E42850A}.Debug|Any CPU.Build.0 = Debug|Any CPU
		{CD1A56D5-9747-49D4-96E6-F3459E42850A}.Release|Any CPU.ActiveCfg = Release|Any CPU
		{CD1A56D5-9747-49D4-96E6-F3459E42850A}.Release|Any CPU.Build.0 = Release|Any CPU
		{CFC96559-56C9-43B0-91EE-F12106B4D5BE}.Debug|Any CPU.ActiveCfg = Debug|Any CPU
		{CFC96559-56C9-43B0-91EE-F12106B4D5BE}.Debug|Any CPU.Build.0 = Debug|Any CPU
		{CFC96559-56C9-43B0-91EE-F12106B4D5BE}.Release|Any CPU.ActiveCfg = Release|Any CPU
		{CFC96559-56C9-43B0-91EE-F12106B4D5BE}.Release|Any CPU.Build.0 = Release|Any CPU
		{63E5DD37-98CD-47DB-BDED-9A529FCE7ADD}.Debug|Any CPU.ActiveCfg = Debug|Any CPU
		{63E5DD37-98CD-47DB-BDED-9A529FCE7ADD}.Debug|Any CPU.Build.0 = Debug|Any CPU
		{63E5DD37-98CD-47DB-BDED-9A529FCE7ADD}.Release|Any CPU.ActiveCfg = Release|Any CPU
		{63E5DD37-98CD-47DB-BDED-9A529FCE7ADD}.Release|Any CPU.Build.0 = Release|Any CPU
		{82EE1771-BEF9-44C3-BDC7-3D625DBD6E39}.Debug|Any CPU.ActiveCfg = Debug|Any CPU
		{82EE1771-BEF9-44C3-BDC7-3D625DBD6E39}.Debug|Any CPU.Build.0 = Debug|Any CPU
		{82EE1771-BEF9-44C3-BDC7-3D625DBD6E39}.Release|Any CPU.ActiveCfg = Release|Any CPU
		{82EE1771-BEF9-44C3-BDC7-3D625DBD6E39}.Release|Any CPU.Build.0 = Release|Any CPU
		{B96A9934-6E08-40F8-8FD9-D23E4B5C4BC2}.Debug|Any CPU.ActiveCfg = Debug|Any CPU
		{B96A9934-6E08-40F8-8FD9-D23E4B5C4BC2}.Debug|Any CPU.Build.0 = Debug|Any CPU
		{B96A9934-6E08-40F8-8FD9-D23E4B5C4BC2}.Release|Any CPU.ActiveCfg = Release|Any CPU
		{B96A9934-6E08-40F8-8FD9-D23E4B5C4BC2}.Release|Any CPU.Build.0 = Release|Any CPU
	EndGlobalSection
	GlobalSection(SolutionProperties) = preSolution
		HideSolutionNode = FALSE
	EndGlobalSection
	GlobalSection(ExtensibilityGlobals) = postSolution
		SolutionGuid = {9E1AE38D-B0C9-471E-A1EE-78C68EA45E13}
	EndGlobalSection
EndGlobal
