
Microsoft Visual Studio Solution File, Format Version 12.00
# Visual Studio 15
VisualStudioVersion = 15.0.28010.2003
MinimumVisualStudioVersion = 10.0.40219.1
Project("{FAE04EC0-301F-11D3-BF4B-00C04F79EFBC}") = "01. Sort Even Numbers", "01. Sort Even Numbers\01. Sort Even Numbers.csproj", "{A15981E3-0FEC-481A-94EE-E010DA73A029}"
EndProject
Project("{FAE04EC0-301F-11D3-BF4B-00C04F79EFBC}") = "02. Sum Numbers", "02. Sum Numbers\02. Sum Numbers.csproj", "{A3CA08F5-01C8-4D4B-A806-10E0B604FCDF}"
EndProject
Project("{FAE04EC0-301F-11D3-BF4B-00C04F79EFBC}") = "03. Count Uppercase Words", "03. Count Uppercase Words\03. Count Uppercase Words.csproj", "{F9CFAA0D-89FC-4F38-8E7F-574D4C824D81}"
EndProject
Project("{FAE04EC0-301F-11D3-BF4B-00C04F79EFBC}") = "04. Add VAT", "04. Add VAT\04. Add VAT.csproj", "{C2295B95-4BFA-4AEE-9853-BE68D3431545}"
EndProject
Project("{FAE04EC0-301F-11D3-BF4B-00C04F79EFBC}") = "05. Filter By Age", "05. Filter By Age\05. Filter By Age.csproj", "{77337F47-789E-4470-BB6C-09F3C98CCEB1}"
EndProject
Global
	GlobalSection(SolutionConfigurationPlatforms) = preSolution
		Debug|Any CPU = Debug|Any CPU
		Release|Any CPU = Release|Any CPU
	EndGlobalSection
	GlobalSection(ProjectConfigurationPlatforms) = postSolution
		{A15981E3-0FEC-481A-94EE-E010DA73A029}.Debug|Any CPU.ActiveCfg = Debug|Any CPU
		{A15981E3-0FEC-481A-94EE-E010DA73A029}.Debug|Any CPU.Build.0 = Debug|Any CPU
		{A15981E3-0FEC-481A-94EE-E010DA73A029}.Release|Any CPU.ActiveCfg = Release|Any CPU
		{A15981E3-0FEC-481A-94EE-E010DA73A029}.Release|Any CPU.Build.0 = Release|Any CPU
		{A3CA08F5-01C8-4D4B-A806-10E0B604FCDF}.Debug|Any CPU.ActiveCfg = Debug|Any CPU
		{A3CA08F5-01C8-4D4B-A806-10E0B604FCDF}.Debug|Any CPU.Build.0 = Debug|Any CPU
		{A3CA08F5-01C8-4D4B-A806-10E0B604FCDF}.Release|Any CPU.ActiveCfg = Release|Any CPU
		{A3CA08F5-01C8-4D4B-A806-10E0B604FCDF}.Release|Any CPU.Build.0 = Release|Any CPU
		{F9CFAA0D-89FC-4F38-8E7F-574D4C824D81}.Debug|Any CPU.ActiveCfg = Debug|Any CPU
		{F9CFAA0D-89FC-4F38-8E7F-574D4C824D81}.Debug|Any CPU.Build.0 = Debug|Any CPU
		{F9CFAA0D-89FC-4F38-8E7F-574D4C824D81}.Release|Any CPU.ActiveCfg = Release|Any CPU
		{F9CFAA0D-89FC-4F38-8E7F-574D4C824D81}.Release|Any CPU.Build.0 = Release|Any CPU
		{C2295B95-4BFA-4AEE-9853-BE68D3431545}.Debug|Any CPU.ActiveCfg = Debug|Any CPU
		{C2295B95-4BFA-4AEE-9853-BE68D3431545}.Debug|Any CPU.Build.0 = Debug|Any CPU
		{C2295B95-4BFA-4AEE-9853-BE68D3431545}.Release|Any CPU.ActiveCfg = Release|Any CPU
		{C2295B95-4BFA-4AEE-9853-BE68D3431545}.Release|Any CPU.Build.0 = Release|Any CPU
		{77337F47-789E-4470-BB6C-09F3C98CCEB1}.Debug|Any CPU.ActiveCfg = Debug|Any CPU
		{77337F47-789E-4470-BB6C-09F3C98CCEB1}.Debug|Any CPU.Build.0 = Debug|Any CPU
		{77337F47-789E-4470-BB6C-09F3C98CCEB1}.Release|Any CPU.ActiveCfg = Release|Any CPU
		{77337F47-789E-4470-BB6C-09F3C98CCEB1}.Release|Any CPU.Build.0 = Release|Any CPU
	EndGlobalSection
	GlobalSection(SolutionProperties) = preSolution
		HideSolutionNode = FALSE
	EndGlobalSection
	GlobalSection(ExtensibilityGlobals) = postSolution
		SolutionGuid = {E8EAABA6-A79A-421C-97C4-05C50D3F6E84}
	EndGlobalSection
EndGlobal
