
Microsoft Visual Studio Solution File, Format Version 12.00
# Visual Studio 15
VisualStudioVersion = 15.0.28010.2036
MinimumVisualStudioVersion = 10.0.40219.1
Project("{FAE04EC0-301F-11D3-BF4B-00C04F79EFBC}") = "01. Arrange Numbers", "01. Arrange Numbers\01. Arrange Numbers.csproj", "{41784656-5CF4-4F79-91E3-257A949EDE0C}"
EndProject
Project("{FAE04EC0-301F-11D3-BF4B-00C04F79EFBC}") = "02. Monopoly", "02. Monopoly\02. Monopoly.csproj", "{C65665A1-DC82-4825-88D9-17752E31DB76}"
EndProject
Project("{FAE04EC0-301F-11D3-BF4B-00C04F79EFBC}") = "03. Basic Markup Language", "03. Basic Markup Language\03. Basic Markup Language.csproj", "{72D2236E-3E6D-4230-8D14-DC7D3C67C1DD}"
EndProject
Project("{FAE04EC0-301F-11D3-BF4B-00C04F79EFBC}") = "04. Champions League", "04. Champions League\04. Champions League.csproj", "{ABF4A804-58EA-44A2-96FB-91F128597E6E}"
EndProject
Global
	GlobalSection(SolutionConfigurationPlatforms) = preSolution
		Debug|Any CPU = Debug|Any CPU
		Release|Any CPU = Release|Any CPU
	EndGlobalSection
	GlobalSection(ProjectConfigurationPlatforms) = postSolution
		{41784656-5CF4-4F79-91E3-257A949EDE0C}.Debug|Any CPU.ActiveCfg = Debug|Any CPU
		{41784656-5CF4-4F79-91E3-257A949EDE0C}.Debug|Any CPU.Build.0 = Debug|Any CPU
		{41784656-5CF4-4F79-91E3-257A949EDE0C}.Release|Any CPU.ActiveCfg = Release|Any CPU
		{41784656-5CF4-4F79-91E3-257A949EDE0C}.Release|Any CPU.Build.0 = Release|Any CPU
		{C65665A1-DC82-4825-88D9-17752E31DB76}.Debug|Any CPU.ActiveCfg = Debug|Any CPU
		{C65665A1-DC82-4825-88D9-17752E31DB76}.Debug|Any CPU.Build.0 = Debug|Any CPU
		{C65665A1-DC82-4825-88D9-17752E31DB76}.Release|Any CPU.ActiveCfg = Release|Any CPU
		{C65665A1-DC82-4825-88D9-17752E31DB76}.Release|Any CPU.Build.0 = Release|Any CPU
		{72D2236E-3E6D-4230-8D14-DC7D3C67C1DD}.Debug|Any CPU.ActiveCfg = Debug|Any CPU
		{72D2236E-3E6D-4230-8D14-DC7D3C67C1DD}.Debug|Any CPU.Build.0 = Debug|Any CPU
		{72D2236E-3E6D-4230-8D14-DC7D3C67C1DD}.Release|Any CPU.ActiveCfg = Release|Any CPU
		{72D2236E-3E6D-4230-8D14-DC7D3C67C1DD}.Release|Any CPU.Build.0 = Release|Any CPU
		{ABF4A804-58EA-44A2-96FB-91F128597E6E}.Debug|Any CPU.ActiveCfg = Debug|Any CPU
		{ABF4A804-58EA-44A2-96FB-91F128597E6E}.Debug|Any CPU.Build.0 = Debug|Any CPU
		{ABF4A804-58EA-44A2-96FB-91F128597E6E}.Release|Any CPU.ActiveCfg = Release|Any CPU
		{ABF4A804-58EA-44A2-96FB-91F128597E6E}.Release|Any CPU.Build.0 = Release|Any CPU
	EndGlobalSection
	GlobalSection(SolutionProperties) = preSolution
		HideSolutionNode = FALSE
	EndGlobalSection
	GlobalSection(ExtensibilityGlobals) = postSolution
		SolutionGuid = {ECF34DD8-94F6-428C-A775-DA097DF559E7}
	EndGlobalSection
EndGlobal
