
Microsoft Visual Studio Solution File, Format Version 12.00
# Visual Studio 15
VisualStudioVersion = 15.0.27130.2020
MinimumVisualStudioVersion = 10.0.40219.1
Project("{FAE04EC0-301F-11D3-BF4B-00C04F79EFBC}") = "01. Passed", "01. Passed\01. Passed.csproj", "{BD225FC8-24F5-4E5D-AA98-2CBF9A9B4E77}"
EndProject
Project("{FAE04EC0-301F-11D3-BF4B-00C04F79EFBC}") = "02. Passed or Failed", "02. Passed or Failed\02. Passed or Failed.csproj", "{6A8BB2DF-9560-49F8-AC63-1F6843148255}"
EndProject
Project("{FAE04EC0-301F-11D3-BF4B-00C04F79EFBC}") = "03. Back in 30 Minutes", "03. Back in 30 Minutes\03. Back in 30 Minutes.csproj", "{345D5D2B-398D-49F7-B54B-158F693DB000}"
EndProject
Project("{FAE04EC0-301F-11D3-BF4B-00C04F79EFBC}") = "04. Month Printer", "04. Month Printer\04. Month Printer.csproj", "{76B21B33-DC28-4760-9D36-EE8D11F20F2D}"
EndProject
Project("{FAE04EC0-301F-11D3-BF4B-00C04F79EFBC}") = "05. Foreign Languages", "05. Foreign Languages\05. Foreign Languages.csproj", "{58A20F52-5670-494B-B3CE-336339B3ADA4}"
EndProject
Project("{FAE04EC0-301F-11D3-BF4B-00C04F79EFBC}") = "06. Theatre Promotion", "06. Theatre Promotion\06. Theatre Promotion.csproj", "{DB1E7E02-F2CE-4934-86C1-AB253BCD161F}"
EndProject
Project("{FAE04EC0-301F-11D3-BF4B-00C04F79EFBC}") = "07. Divisible by 3", "07. Divisible by 3\07. Divisible by 3.csproj", "{3EF04242-D233-4546-8CA9-D0F3A5E801C8}"
EndProject
Project("{FAE04EC0-301F-11D3-BF4B-00C04F79EFBC}") = "08. Sum of Odd Numbers", "08. Sum of Odd Numbers\08. Sum of Odd Numbers.csproj", "{2C814D7A-65EB-4F88-967E-9F2C0E3166F3}"
EndProject
Project("{FAE04EC0-301F-11D3-BF4B-00C04F79EFBC}") = "09. Multiplication Table", "09. Multiplication Table\09. Multiplication Table.csproj", "{0E072599-70F1-475E-B35F-77F1BB979E6B}"
EndProject
Project("{FAE04EC0-301F-11D3-BF4B-00C04F79EFBC}") = "10. Multiplication Table 2.0", "10. Multiplication Table 2.0\10. Multiplication Table 2.0.csproj", "{90B9DB30-224B-49EC-982D-4A335B2713D4}"
EndProject
Project("{FAE04EC0-301F-11D3-BF4B-00C04F79EFBC}") = "11. Odd Number", "11. Odd Number\11. Odd Number.csproj", "{A702FABC-F75D-4DCC-8F76-F6707CBA5A8F}"
EndProject
Project("{FAE04EC0-301F-11D3-BF4B-00C04F79EFBC}") = "12. Number Checker", "12. Number Checker\12. Number Checker.csproj", "{B7BAE527-8470-4676-82F9-6E4EEA3DE4ED}"
EndProject
Global
	GlobalSection(SolutionConfigurationPlatforms) = preSolution
		Debug|Any CPU = Debug|Any CPU
		Release|Any CPU = Release|Any CPU
	EndGlobalSection
	GlobalSection(ProjectConfigurationPlatforms) = postSolution
		{BD225FC8-24F5-4E5D-AA98-2CBF9A9B4E77}.Debug|Any CPU.ActiveCfg = Debug|Any CPU
		{BD225FC8-24F5-4E5D-AA98-2CBF9A9B4E77}.Debug|Any CPU.Build.0 = Debug|Any CPU
		{BD225FC8-24F5-4E5D-AA98-2CBF9A9B4E77}.Release|Any CPU.ActiveCfg = Release|Any CPU
		{BD225FC8-24F5-4E5D-AA98-2CBF9A9B4E77}.Release|Any CPU.Build.0 = Release|Any CPU
		{6A8BB2DF-9560-49F8-AC63-1F6843148255}.Debug|Any CPU.ActiveCfg = Debug|Any CPU
		{6A8BB2DF-9560-49F8-AC63-1F6843148255}.Debug|Any CPU.Build.0 = Debug|Any CPU
		{6A8BB2DF-9560-49F8-AC63-1F6843148255}.Release|Any CPU.ActiveCfg = Release|Any CPU
		{6A8BB2DF-9560-49F8-AC63-1F6843148255}.Release|Any CPU.Build.0 = Release|Any CPU
		{345D5D2B-398D-49F7-B54B-158F693DB000}.Debug|Any CPU.ActiveCfg = Debug|Any CPU
		{345D5D2B-398D-49F7-B54B-158F693DB000}.Debug|Any CPU.Build.0 = Debug|Any CPU
		{345D5D2B-398D-49F7-B54B-158F693DB000}.Release|Any CPU.ActiveCfg = Release|Any CPU
		{345D5D2B-398D-49F7-B54B-158F693DB000}.Release|Any CPU.Build.0 = Release|Any CPU
		{76B21B33-DC28-4760-9D36-EE8D11F20F2D}.Debug|Any CPU.ActiveCfg = Debug|Any CPU
		{76B21B33-DC28-4760-9D36-EE8D11F20F2D}.Debug|Any CPU.Build.0 = Debug|Any CPU
		{76B21B33-DC28-4760-9D36-EE8D11F20F2D}.Release|Any CPU.ActiveCfg = Release|Any CPU
		{76B21B33-DC28-4760-9D36-EE8D11F20F2D}.Release|Any CPU.Build.0 = Release|Any CPU
		{58A20F52-5670-494B-B3CE-336339B3ADA4}.Debug|Any CPU.ActiveCfg = Debug|Any CPU
		{58A20F52-5670-494B-B3CE-336339B3ADA4}.Debug|Any CPU.Build.0 = Debug|Any CPU
		{58A20F52-5670-494B-B3CE-336339B3ADA4}.Release|Any CPU.ActiveCfg = Release|Any CPU
		{58A20F52-5670-494B-B3CE-336339B3ADA4}.Release|Any CPU.Build.0 = Release|Any CPU
		{DB1E7E02-F2CE-4934-86C1-AB253BCD161F}.Debug|Any CPU.ActiveCfg = Debug|Any CPU
		{DB1E7E02-F2CE-4934-86C1-AB253BCD161F}.Debug|Any CPU.Build.0 = Debug|Any CPU
		{DB1E7E02-F2CE-4934-86C1-AB253BCD161F}.Release|Any CPU.ActiveCfg = Release|Any CPU
		{DB1E7E02-F2CE-4934-86C1-AB253BCD161F}.Release|Any CPU.Build.0 = Release|Any CPU
		{3EF04242-D233-4546-8CA9-D0F3A5E801C8}.Debug|Any CPU.ActiveCfg = Debug|Any CPU
		{3EF04242-D233-4546-8CA9-D0F3A5E801C8}.Debug|Any CPU.Build.0 = Debug|Any CPU
		{3EF04242-D233-4546-8CA9-D0F3A5E801C8}.Release|Any CPU.ActiveCfg = Release|Any CPU
		{3EF04242-D233-4546-8CA9-D0F3A5E801C8}.Release|Any CPU.Build.0 = Release|Any CPU
		{2C814D7A-65EB-4F88-967E-9F2C0E3166F3}.Debug|Any CPU.ActiveCfg = Debug|Any CPU
		{2C814D7A-65EB-4F88-967E-9F2C0E3166F3}.Debug|Any CPU.Build.0 = Debug|Any CPU
		{2C814D7A-65EB-4F88-967E-9F2C0E3166F3}.Release|Any CPU.ActiveCfg = Release|Any CPU
		{2C814D7A-65EB-4F88-967E-9F2C0E3166F3}.Release|Any CPU.Build.0 = Release|Any CPU
		{0E072599-70F1-475E-B35F-77F1BB979E6B}.Debug|Any CPU.ActiveCfg = Debug|Any CPU
		{0E072599-70F1-475E-B35F-77F1BB979E6B}.Debug|Any CPU.Build.0 = Debug|Any CPU
		{0E072599-70F1-475E-B35F-77F1BB979E6B}.Release|Any CPU.ActiveCfg = Release|Any CPU
		{0E072599-70F1-475E-B35F-77F1BB979E6B}.Release|Any CPU.Build.0 = Release|Any CPU
		{90B9DB30-224B-49EC-982D-4A335B2713D4}.Debug|Any CPU.ActiveCfg = Debug|Any CPU
		{90B9DB30-224B-49EC-982D-4A335B2713D4}.Debug|Any CPU.Build.0 = Debug|Any CPU
		{90B9DB30-224B-49EC-982D-4A335B2713D4}.Release|Any CPU.ActiveCfg = Release|Any CPU
		{90B9DB30-224B-49EC-982D-4A335B2713D4}.Release|Any CPU.Build.0 = Release|Any CPU
		{A702FABC-F75D-4DCC-8F76-F6707CBA5A8F}.Debug|Any CPU.ActiveCfg = Debug|Any CPU
		{A702FABC-F75D-4DCC-8F76-F6707CBA5A8F}.Debug|Any CPU.Build.0 = Debug|Any CPU
		{A702FABC-F75D-4DCC-8F76-F6707CBA5A8F}.Release|Any CPU.ActiveCfg = Release|Any CPU
		{A702FABC-F75D-4DCC-8F76-F6707CBA5A8F}.Release|Any CPU.Build.0 = Release|Any CPU
		{B7BAE527-8470-4676-82F9-6E4EEA3DE4ED}.Debug|Any CPU.ActiveCfg = Debug|Any CPU
		{B7BAE527-8470-4676-82F9-6E4EEA3DE4ED}.Debug|Any CPU.Build.0 = Debug|Any CPU
		{B7BAE527-8470-4676-82F9-6E4EEA3DE4ED}.Release|Any CPU.ActiveCfg = Release|Any CPU
		{B7BAE527-8470-4676-82F9-6E4EEA3DE4ED}.Release|Any CPU.Build.0 = Release|Any CPU
	EndGlobalSection
	GlobalSection(SolutionProperties) = preSolution
		HideSolutionNode = FALSE
	EndGlobalSection
	GlobalSection(ExtensibilityGlobals) = postSolution
		SolutionGuid = {A10CC280-BEAF-4952-866F-B1F6276DD683}
	EndGlobalSection
EndGlobal
