
Microsoft Visual Studio Solution File, Format Version 12.00
# Visual Studio 15
VisualStudioVersion = 15.0.28010.2046
MinimumVisualStudioVersion = 10.0.40219.1
Project("{9A19103F-16F7-4668-BE54-9A1E7A4F7556}") = "ClassBox", "ClassBox\ClassBox.csproj", "{8205E4C6-BACF-4355-B957-D540ED93404A}"
EndProject
Project("{9A19103F-16F7-4668-BE54-9A1E7A4F7556}") = "ClassBoxDataValidation", "ClassBoxDataValidation\ClassBoxDataValidation.csproj", "{1AEADEEF-91E1-4A62-8243-B205D783A6D8}"
EndProject
Project("{9A19103F-16F7-4668-BE54-9A1E7A4F7556}") = "AnimalFarm", "AnimalFarm\AnimalFarm.csproj", "{9F3A2AD9-BD29-4728-B2DE-DF94C86E5B2B}"
EndProject
Project("{9A19103F-16F7-4668-BE54-9A1E7A4F7556}") = "ShoppingSpree", "ShoppingSpree\ShoppingSpree.csproj", "{15CE2EA6-2A12-4C5E-A5C5-2B0F579807E2}"
EndProject
Project("{9A19103F-16F7-4668-BE54-9A1E7A4F7556}") = "PizzaCalories", "PizzaCalories\PizzaCalories.csproj", "{FBC38798-6C6D-4520-8F15-E12901776123}"
EndProject
Project("{FAE04EC0-301F-11D3-BF4B-00C04F79EFBC}") = "FootballTeamGenerator", "FootballTeamGenerator\FootballTeamGenerator.csproj", "{5D00722E-12F9-4735-97F7-C49558C4035B}"
EndProject
Global
	GlobalSection(SolutionConfigurationPlatforms) = preSolution
		Debug|Any CPU = Debug|Any CPU
		Release|Any CPU = Release|Any CPU
	EndGlobalSection
	GlobalSection(ProjectConfigurationPlatforms) = postSolution
		{8205E4C6-BACF-4355-B957-D540ED93404A}.Debug|Any CPU.ActiveCfg = Debug|Any CPU
		{8205E4C6-BACF-4355-B957-D540ED93404A}.Debug|Any CPU.Build.0 = Debug|Any CPU
		{8205E4C6-BACF-4355-B957-D540ED93404A}.Release|Any CPU.ActiveCfg = Release|Any CPU
		{8205E4C6-BACF-4355-B957-D540ED93404A}.Release|Any CPU.Build.0 = Release|Any CPU
		{1AEADEEF-91E1-4A62-8243-B205D783A6D8}.Debug|Any CPU.ActiveCfg = Debug|Any CPU
		{1AEADEEF-91E1-4A62-8243-B205D783A6D8}.Debug|Any CPU.Build.0 = Debug|Any CPU
		{1AEADEEF-91E1-4A62-8243-B205D783A6D8}.Release|Any CPU.ActiveCfg = Release|Any CPU
		{1AEADEEF-91E1-4A62-8243-B205D783A6D8}.Release|Any CPU.Build.0 = Release|Any CPU
		{9F3A2AD9-BD29-4728-B2DE-DF94C86E5B2B}.Debug|Any CPU.ActiveCfg = Debug|Any CPU
		{9F3A2AD9-BD29-4728-B2DE-DF94C86E5B2B}.Debug|Any CPU.Build.0 = Debug|Any CPU
		{9F3A2AD9-BD29-4728-B2DE-DF94C86E5B2B}.Release|Any CPU.ActiveCfg = Release|Any CPU
		{9F3A2AD9-BD29-4728-B2DE-DF94C86E5B2B}.Release|Any CPU.Build.0 = Release|Any CPU
		{15CE2EA6-2A12-4C5E-A5C5-2B0F579807E2}.Debug|Any CPU.ActiveCfg = Debug|Any CPU
		{15CE2EA6-2A12-4C5E-A5C5-2B0F579807E2}.Debug|Any CPU.Build.0 = Debug|Any CPU
		{15CE2EA6-2A12-4C5E-A5C5-2B0F579807E2}.Release|Any CPU.ActiveCfg = Release|Any CPU
		{15CE2EA6-2A12-4C5E-A5C5-2B0F579807E2}.Release|Any CPU.Build.0 = Release|Any CPU
		{FBC38798-6C6D-4520-8F15-E12901776123}.Debug|Any CPU.ActiveCfg = Debug|Any CPU
		{FBC38798-6C6D-4520-8F15-E12901776123}.Debug|Any CPU.Build.0 = Debug|Any CPU
		{FBC38798-6C6D-4520-8F15-E12901776123}.Release|Any CPU.ActiveCfg = Release|Any CPU
		{FBC38798-6C6D-4520-8F15-E12901776123}.Release|Any CPU.Build.0 = Release|Any CPU
		{5D00722E-12F9-4735-97F7-C49558C4035B}.Debug|Any CPU.ActiveCfg = Debug|Any CPU
		{5D00722E-12F9-4735-97F7-C49558C4035B}.Debug|Any CPU.Build.0 = Debug|Any CPU
		{5D00722E-12F9-4735-97F7-C49558C4035B}.Release|Any CPU.ActiveCfg = Release|Any CPU
		{5D00722E-12F9-4735-97F7-C49558C4035B}.Release|Any CPU.Build.0 = Release|Any CPU
	EndGlobalSection
	GlobalSection(SolutionProperties) = preSolution
		HideSolutionNode = FALSE
	EndGlobalSection
	GlobalSection(ExtensibilityGlobals) = postSolution
		SolutionGuid = {5892A7D9-0CB7-41CD-B3BE-B8708FB465EE}
	EndGlobalSection
EndGlobal
