
Microsoft Visual Studio Solution File, Format Version 12.00
# Visual Studio 15
VisualStudioVersion = 15.0.28307.168
MinimumVisualStudioVersion = 10.0.40219.1
Project("{FAE04EC0-301F-11D3-BF4B-00C04F79EFBC}") = "01", "01\01.csproj", "{45A5CE8A-8A13-4563-93A2-0EE56AFCDE0D}"
EndProject
Project("{FAE04EC0-301F-11D3-BF4B-00C04F79EFBC}") = "02", "02\02.csproj", "{49BCC124-8DFD-456D-AF9A-E8F64D4B0D24}"
EndProject
Project("{FAE04EC0-301F-11D3-BF4B-00C04F79EFBC}") = "03", "03\03.csproj", "{A94CE06A-5551-4B43-9338-5FDD3F7DA91F}"
EndProject
Project("{FAE04EC0-301F-11D3-BF4B-00C04F79EFBC}") = "04", "04\04.csproj", "{8035D6C8-3490-4638-8343-86F8AD3D46A8}"
EndProject
Global
	GlobalSection(SolutionConfigurationPlatforms) = preSolution
		Debug|Any CPU = Debug|Any CPU
		Release|Any CPU = Release|Any CPU
	EndGlobalSection
	GlobalSection(ProjectConfigurationPlatforms) = postSolution
		{45A5CE8A-8A13-4563-93A2-0EE56AFCDE0D}.Debug|Any CPU.ActiveCfg = Debug|Any CPU
		{45A5CE8A-8A13-4563-93A2-0EE56AFCDE0D}.Debug|Any CPU.Build.0 = Debug|Any CPU
		{45A5CE8A-8A13-4563-93A2-0EE56AFCDE0D}.Release|Any CPU.ActiveCfg = Release|Any CPU
		{45A5CE8A-8A13-4563-93A2-0EE56AFCDE0D}.Release|Any CPU.Build.0 = Release|Any CPU
		{49BCC124-8DFD-456D-AF9A-E8F64D4B0D24}.Debug|Any CPU.ActiveCfg = Debug|Any CPU
		{49BCC124-8DFD-456D-AF9A-E8F64D4B0D24}.Debug|Any CPU.Build.0 = Debug|Any CPU
		{49BCC124-8DFD-456D-AF9A-E8F64D4B0D24}.Release|Any CPU.ActiveCfg = Release|Any CPU
		{49BCC124-8DFD-456D-AF9A-E8F64D4B0D24}.Release|Any CPU.Build.0 = Release|Any CPU
		{A94CE06A-5551-4B43-9338-5FDD3F7DA91F}.Debug|Any CPU.ActiveCfg = Debug|Any CPU
		{A94CE06A-5551-4B43-9338-5FDD3F7DA91F}.Debug|Any CPU.Build.0 = Debug|Any CPU
		{A94CE06A-5551-4B43-9338-5FDD3F7DA91F}.Release|Any CPU.ActiveCfg = Release|Any CPU
		{A94CE06A-5551-4B43-9338-5FDD3F7DA91F}.Release|Any CPU.Build.0 = Release|Any CPU
		{8035D6C8-3490-4638-8343-86F8AD3D46A8}.Debug|Any CPU.ActiveCfg = Debug|Any CPU
		{8035D6C8-3490-4638-8343-86F8AD3D46A8}.Debug|Any CPU.Build.0 = Debug|Any CPU
		{8035D6C8-3490-4638-8343-86F8AD3D46A8}.Release|Any CPU.ActiveCfg = Release|Any CPU
		{8035D6C8-3490-4638-8343-86F8AD3D46A8}.Release|Any CPU.Build.0 = Release|Any CPU
	EndGlobalSection
	GlobalSection(SolutionProperties) = preSolution
		HideSolutionNode = FALSE
	EndGlobalSection
	GlobalSection(ExtensibilityGlobals) = postSolution
		SolutionGuid = {0EE6B1E6-773C-4E2B-806B-106178677B73}
	EndGlobalSection
EndGlobal
